
Microsoft Visual Studio Solution File, Format Version 12.00
# Visual Studio 15
VisualStudioVersion = 15.0.28010.2048
MinimumVisualStudioVersion = 10.0.40219.1
Project("{FAE04EC0-301F-11D3-BF4B-00C04F79EFBC}") = "SuperBook.Android", "SuperBook\SuperBook.Android\SuperBook.Android.csproj", "{45404E82-FB78-4D81-8153-6F9E6077F258}"
EndProject
Project("{FAE04EC0-301F-11D3-BF4B-00C04F79EFBC}") = "SuperBook.iOS", "SuperBook\SuperBook.iOS\SuperBook.iOS.csproj", "{1A389894-C167-485E-B285-1B0668F29961}"
EndProject
Project("{FAE04EC0-301F-11D3-BF4B-00C04F79EFBC}") = "SuperBook.UWP", "SuperBook\SuperBook.UWP\SuperBook.UWP.csproj", "{EA3AC2B6-152E-4BE7-A0FF-430FD2112032}"
EndProject
Project("{FAE04EC0-301F-11D3-BF4B-00C04F79EFBC}") = "SuperBook", "SuperBook\SuperBook\SuperBook.csproj", "{B4015EFF-0A72-42B1-A110-C5CEBAD48499}"
EndProject
Global
	GlobalSection(SolutionConfigurationPlatforms) = preSolution
		Ad-Hoc|Any CPU = Ad-Hoc|Any CPU
		Ad-Hoc|ARM = Ad-Hoc|ARM
		Ad-Hoc|iPhone = Ad-Hoc|iPhone
		Ad-Hoc|iPhoneSimulator = Ad-Hoc|iPhoneSimulator
		Ad-Hoc|x64 = Ad-Hoc|x64
		Ad-Hoc|x86 = Ad-Hoc|x86
		AppStore|Any CPU = AppStore|Any CPU
		AppStore|ARM = AppStore|ARM
		AppStore|iPhone = AppStore|iPhone
		AppStore|iPhoneSimulator = AppStore|iPhoneSimulator
		AppStore|x64 = AppStore|x64
		AppStore|x86 = AppStore|x86
		Debug|Any CPU = Debug|Any CPU
		Debug|ARM = Debug|ARM
		Debug|iPhone = Debug|iPhone
		Debug|iPhoneSimulator = Debug|iPhoneSimulator
		Debug|x64 = Debug|x64
		Debug|x86 = Debug|x86
		Release|Any CPU = Release|Any CPU
		Release|ARM = Release|ARM
		Release|iPhone = Release|iPhone
		Release|iPhoneSimulator = Release|iPhoneSimulator
		Release|x64 = Release|x64
		Release|x86 = Release|x86
	EndGlobalSection
	GlobalSection(ProjectConfigurationPlatforms) = postSolution
		{45404E82-FB78-4D81-8153-6F9E6077F258}.Ad-Hoc|Any CPU.ActiveCfg = Release|Any CPU
		{45404E82-FB78-4D81-8153-6F9E6077F258}.Ad-Hoc|Any CPU.Build.0 = Release|Any CPU
		{45404E82-FB78-4D81-8153-6F9E6077F258}.Ad-Hoc|Any CPU.Deploy.0 = Release|Any CPU
		{45404E82-FB78-4D81-8153-6F9E6077F258}.Ad-Hoc|ARM.ActiveCfg = Release|Any CPU
		{45404E82-FB78-4D81-8153-6F9E6077F258}.Ad-Hoc|ARM.Build.0 = Release|Any CPU
		{45404E82-FB78-4D81-8153-6F9E6077F258}.Ad-Hoc|ARM.Deploy.0 = Release|Any CPU
		{45404E82-FB78-4D81-8153-6F9E6077F258}.Ad-Hoc|iPhone.ActiveCfg = Release|Any CPU
		{45404E82-FB78-4D81-8153-6F9E6077F258}.Ad-Hoc|iPhone.Build.0 = Release|Any CPU
		{45404E82-FB78-4D81-8153-6F9E6077F258}.Ad-Hoc|iPhone.Deploy.0 = Release|Any CPU
		{45404E82-FB78-4D81-8153-6F9E6077F258}.Ad-Hoc|iPhoneSimulator.ActiveCfg = Release|Any CPU
		{45404E82-FB78-4D81-8153-6F9E6077F258}.Ad-Hoc|iPhoneSimulator.Build.0 = Release|Any CPU
		{45404E82-FB78-4D81-8153-6F9E6077F258}.Ad-Hoc|iPhoneSimulator.Deploy.0 = Release|Any CPU
		{45404E82-FB78-4D81-8153-6F9E6077F258}.Ad-Hoc|x64.ActiveCfg = Release|Any CPU
		{45404E82-FB78-4D81-8153-6F9E6077F258}.Ad-Hoc|x64.Build.0 = Release|Any CPU
		{45404E82-FB78-4D81-8153-6F9E6077F258}.Ad-Hoc|x64.Deploy.0 = Release|Any CPU
		{45404E82-FB78-4D81-8153-6F9E6077F258}.Ad-Hoc|x86.ActiveCfg = Release|Any CPU
		{45404E82-FB78-4D81-8153-6F9E6077F258}.Ad-Hoc|x86.Build.0 = Release|Any CPU
		{45404E82-FB78-4D81-8153-6F9E6077F258}.Ad-Hoc|x86.Deploy.0 = Release|Any CPU
		{45404E82-FB78-4D81-8153-6F9E6077F258}.AppStore|Any CPU.ActiveCfg = Release|Any CPU
		{45404E82-FB78-4D81-8153-6F9E6077F258}.AppStore|Any CPU.Build.0 = Release|Any CPU
		{45404E82-FB78-4D81-8153-6F9E6077F258}.AppStore|Any CPU.Deploy.0 = Release|Any CPU
		{45404E82-FB78-4D81-8153-6F9E6077F258}.AppStore|ARM.ActiveCfg = Release|Any CPU
		{45404E82-FB78-4D81-8153-6F9E6077F258}.AppStore|ARM.Build.0 = Release|Any CPU
		{45404E82-FB78-4D81-8153-6F9E6077F258}.AppStore|ARM.Deploy.0 = Release|Any CPU
		{45404E82-FB78-4D81-8153-6F9E6077F258}.AppStore|iPhone.ActiveCfg = Release|Any CPU
		{45404E82-FB78-4D81-8153-6F9E6077F258}.AppStore|iPhone.Build.0 = Release|Any CPU
		{45404E82-FB78-4D81-8153-6F9E6077F258}.AppStore|iPhone.Deploy.0 = Release|Any CPU
		{45404E82-FB78-4D81-8153-6F9E6077F258}.AppStore|iPhoneSimulator.ActiveCfg = Release|Any CPU
		{45404E82-FB78-4D81-8153-6F9E6077F258}.AppStore|iPhoneSimulator.Build.0 = Release|Any CPU
		{45404E82-FB78-4D81-8153-6F9E6077F258}.AppStore|iPhoneSimulator.Deploy.0 = Release|Any CPU
		{45404E82-FB78-4D81-8153-6F9E6077F258}.AppStore|x64.ActiveCfg = Release|Any CPU
		{45404E82-FB78-4D81-8153-6F9E6077F258}.AppStore|x64.Build.0 = Release|Any CPU
		{45404E82-FB78-4D81-8153-6F9E6077F258}.AppStore|x64.Deploy.0 = Release|Any CPU
		{45404E82-FB78-4D81-8153-6F9E6077F258}.AppStore|x86.ActiveCfg = Release|Any CPU
		{45404E82-FB78-4D81-8153-6F9E6077F258}.AppStore|x86.Build.0 = Release|Any CPU
		{45404E82-FB78-4D81-8153-6F9E6077F258}.AppStore|x86.Deploy.0 = Release|Any CPU
		{45404E82-FB78-4D81-8153-6F9E6077F258}.Debug|Any CPU.ActiveCfg = Debug|Any CPU
		{45404E82-FB78-4D81-8153-6F9E6077F258}.Debug|Any CPU.Build.0 = Debug|Any CPU
		{45404E82-FB78-4D81-8153-6F9E6077F258}.Debug|Any CPU.Deploy.0 = Debug|Any CPU
		{45404E82-FB78-4D81-8153-6F9E6077F258}.Debug|ARM.ActiveCfg = Debug|Any CPU
		{45404E82-FB78-4D81-8153-6F9E6077F258}.Debug|ARM.Build.0 = Debug|Any CPU
		{45404E82-FB78-4D81-8153-6F9E6077F258}.Debug|ARM.Deploy.0 = Debug|Any CPU
		{45404E82-FB78-4D81-8153-6F9E6077F258}.Debug|iPhone.ActiveCfg = Debug|Any CPU
		{45404E82-FB78-4D81-8153-6F9E6077F258}.Debug|iPhone.Build.0 = Debug|Any CPU
		{45404E82-FB78-4D81-8153-6F9E6077F258}.Debug|iPhone.Deploy.0 = Debug|Any CPU
		{45404E82-FB78-4D81-8153-6F9E6077F258}.Debug|iPhoneSimulator.ActiveCfg = Debug|Any CPU
		{45404E82-FB78-4D81-8153-6F9E6077F258}.Debug|iPhoneSimulator.Build.0 = Debug|Any CPU
		{45404E82-FB78-4D81-8153-6F9E6077F258}.Debug|iPhoneSimulator.Deploy.0 = Debug|Any CPU
		{45404E82-FB78-4D81-8153-6F9E6077F258}.Debug|x64.ActiveCfg = Debug|Any CPU
		{45404E82-FB78-4D81-8153-6F9E6077F258}.Debug|x64.Build.0 = Debug|Any CPU
		{45404E82-FB78-4D81-8153-6F9E6077F258}.Debug|x64.Deploy.0 = Debug|Any CPU
		{45404E82-FB78-4D81-8153-6F9E6077F258}.Debug|x86.ActiveCfg = Debug|Any CPU
		{45404E82-FB78-4D81-8153-6F9E6077F258}.Debug|x86.Build.0 = Debug|Any CPU
		{45404E82-FB78-4D81-8153-6F9E6077F258}.Debug|x86.Deploy.0 = Debug|Any CPU
		{45404E82-FB78-4D81-8153-6F9E6077F258}.Release|Any CPU.ActiveCfg = Release|Any CPU
		{45404E82-FB78-4D81-8153-6F9E6077F258}.Release|Any CPU.Build.0 = Release|Any CPU
		{45404E82-FB78-4D81-8153-6F9E6077F258}.Release|Any CPU.Deploy.0 = Release|Any CPU
		{45404E82-FB78-4D81-8153-6F9E6077F258}.Release|ARM.ActiveCfg = Release|Any CPU
		{45404E82-FB78-4D81-8153-6F9E6077F258}.Release|ARM.Build.0 = Release|Any CPU
		{45404E82-FB78-4D81-8153-6F9E6077F258}.Release|ARM.Deploy.0 = Release|Any CPU
		{45404E82-FB78-4D81-8153-6F9E6077F258}.Release|iPhone.ActiveCfg = Release|Any CPU
		{45404E82-FB78-4D81-8153-6F9E6077F258}.Release|iPhone.Build.0 = Release|Any CPU
		{45404E82-FB78-4D81-8153-6F9E6077F258}.Release|iPhone.Deploy.0 = Release|Any CPU
		{45404E82-FB78-4D81-8153-6F9E6077F258}.Release|iPhoneSimulator.ActiveCfg = Release|Any CPU
		{45404E82-FB78-4D81-8153-6F9E6077F258}.Release|iPhoneSimulator.Build.0 = Release|Any CPU
		{45404E82-FB78-4D81-8153-6F9E6077F258}.Release|iPhoneSimulator.Deploy.0 = Release|Any CPU
		{45404E82-FB78-4D81-8153-6F9E6077F258}.Release|x64.ActiveCfg = Release|Any CPU
		{45404E82-FB78-4D81-8153-6F9E6077F258}.Release|x64.Build.0 = Release|Any CPU
		{45404E82-FB78-4D81-8153-6F9E6077F258}.Release|x64.Deploy.0 = Release|Any CPU
		{45404E82-FB78-4D81-8153-6F9E6077F258}.Release|x86.ActiveCfg = Release|Any CPU
		{45404E82-FB78-4D81-8153-6F9E6077F258}.Release|x86.Build.0 = Release|Any CPU
		{45404E82-FB78-4D81-8153-6F9E6077F258}.Release|x86.Deploy.0 = Release|Any CPU
		{1A389894-C167-485E-B285-1B0668F29961}.Ad-Hoc|Any CPU.ActiveCfg = Ad-Hoc|iPhone
		{1A389894-C167-485E-B285-1B0668F29961}.Ad-Hoc|Any CPU.Build.0 = Ad-Hoc|iPhone
		{1A389894-C167-485E-B285-1B0668F29961}.Ad-Hoc|Any CPU.Deploy.0 = Ad-Hoc|iPhone
		{1A389894-C167-485E-B285-1B0668F29961}.Ad-Hoc|ARM.ActiveCfg = Ad-Hoc|iPhone
		{1A389894-C167-485E-B285-1B0668F29961}.Ad-Hoc|ARM.Build.0 = Ad-Hoc|iPhone
		{1A389894-C167-485E-B285-1B0668F29961}.Ad-Hoc|ARM.Deploy.0 = Ad-Hoc|iPhone
		{1A389894-C167-485E-B285-1B0668F29961}.Ad-Hoc|iPhone.ActiveCfg = Ad-Hoc|iPhone
		{1A389894-C167-485E-B285-1B0668F29961}.Ad-Hoc|iPhone.Build.0 = Ad-Hoc|iPhone
		{1A389894-C167-485E-B285-1B0668F29961}.Ad-Hoc|iPhone.Deploy.0 = Ad-Hoc|iPhone
		{1A389894-C167-485E-B285-1B0668F29961}.Ad-Hoc|iPhoneSimulator.ActiveCfg = Ad-Hoc|iPhoneSimulator
		{1A389894-C167-485E-B285-1B0668F29961}.Ad-Hoc|iPhoneSimulator.Build.0 = Ad-Hoc|iPhoneSimulator
		{1A389894-C167-485E-B285-1B0668F29961}.Ad-Hoc|iPhoneSimulator.Deploy.0 = Ad-Hoc|iPhoneSimulator
		{1A389894-C167-485E-B285-1B0668F29961}.Ad-Hoc|x64.ActiveCfg = Ad-Hoc|iPhone
		{1A389894-C167-485E-B285-1B0668F29961}.Ad-Hoc|x64.Build.0 = Ad-Hoc|iPhone
		{1A389894-C167-485E-B285-1B0668F29961}.Ad-Hoc|x64.Deploy.0 = Ad-Hoc|iPhone
		{1A389894-C167-485E-B285-1B0668F29961}.Ad-Hoc|x86.ActiveCfg = Ad-Hoc|iPhone
		{1A389894-C167-485E-B285-1B0668F29961}.Ad-Hoc|x86.Build.0 = Ad-Hoc|iPhone
		{1A389894-C167-485E-B285-1B0668F29961}.Ad-Hoc|x86.Deploy.0 = Ad-Hoc|iPhone
		{1A389894-C167-485E-B285-1B0668F29961}.AppStore|Any CPU.ActiveCfg = AppStore|iPhone
		{1A389894-C167-485E-B285-1B0668F29961}.AppStore|Any CPU.Build.0 = AppStore|iPhone
		{1A389894-C167-485E-B285-1B0668F29961}.AppStore|Any CPU.Deploy.0 = AppStore|iPhone
		{1A389894-C167-485E-B285-1B0668F29961}.AppStore|ARM.ActiveCfg = AppStore|iPhone
		{1A389894-C167-485E-B285-1B0668F29961}.AppStore|ARM.Build.0 = AppStore|iPhone
		{1A389894-C167-485E-B285-1B0668F29961}.AppStore|ARM.Deploy.0 = AppStore|iPhone
		{1A389894-C167-485E-B285-1B0668F29961}.AppStore|iPhone.ActiveCfg = AppStore|iPhone
		{1A389894-C167-485E-B285-1B0668F29961}.AppStore|iPhone.Build.0 = AppStore|iPhone
		{1A389894-C167-485E-B285-1B0668F29961}.AppStore|iPhone.Deploy.0 = AppStore|iPhone
		{1A389894-C167-485E-B285-1B0668F29961}.AppStore|iPhoneSimulator.ActiveCfg = AppStore|iPhoneSimulator
		{1A389894-C167-485E-B285-1B0668F29961}.AppStore|iPhoneSimulator.Build.0 = AppStore|iPhoneSimulator
		{1A389894-C167-485E-B285-1B0668F29961}.AppStore|iPhoneSimulator.Deploy.0 = AppStore|iPhoneSimulator
		{1A389894-C167-485E-B285-1B0668F29961}.AppStore|x64.ActiveCfg = AppStore|iPhone
		{1A389894-C167-485E-B285-1B0668F29961}.AppStore|x64.Build.0 = AppStore|iPhone
		{1A389894-C167-485E-B285-1B0668F29961}.AppStore|x64.Deploy.0 = AppStore|iPhone
		{1A389894-C167-485E-B285-1B0668F29961}.AppStore|x86.ActiveCfg = AppStore|iPhone
		{1A389894-C167-485E-B285-1B0668F29961}.AppStore|x86.Build.0 = AppStore|iPhone
		{1A389894-C167-485E-B285-1B0668F29961}.AppStore|x86.Deploy.0 = AppStore|iPhone
		{1A389894-C167-485E-B285-1B0668F29961}.Debug|Any CPU.ActiveCfg = Debug|iPhoneSimulator
		{1A389894-C167-485E-B285-1B0668F29961}.Debug|Any CPU.Build.0 = Debug|iPhoneSimulator
		{1A389894-C167-485E-B285-1B0668F29961}.Debug|Any CPU.Deploy.0 = Debug|iPhoneSimulator
		{1A389894-C167-485E-B285-1B0668F29961}.Debug|ARM.ActiveCfg = Debug|iPhone
		{1A389894-C167-485E-B285-1B0668F29961}.Debug|ARM.Build.0 = Debug|iPhone
		{1A389894-C167-485E-B285-1B0668F29961}.Debug|ARM.Deploy.0 = Debug|iPhone
		{1A389894-C167-485E-B285-1B0668F29961}.Debug|iPhone.ActiveCfg = Debug|iPhone
		{1A389894-C167-485E-B285-1B0668F29961}.Debug|iPhone.Build.0 = Debug|iPhone
		{1A389894-C167-485E-B285-1B0668F29961}.Debug|iPhone.Deploy.0 = Debug|iPhone
		{1A389894-C167-485E-B285-1B0668F29961}.Debug|iPhoneSimulator.ActiveCfg = Debug|iPhoneSimulator
		{1A389894-C167-485E-B285-1B0668F29961}.Debug|iPhoneSimulator.Build.0 = Debug|iPhoneSimulator
		{1A389894-C167-485E-B285-1B0668F29961}.Debug|iPhoneSimulator.Deploy.0 = Debug|iPhoneSimulator
		{1A389894-C167-485E-B285-1B0668F29961}.Debug|x64.ActiveCfg = Debug|iPhone
		{1A389894-C167-485E-B285-1B0668F29961}.Debug|x64.Build.0 = Debug|iPhone
		{1A389894-C167-485E-B285-1B0668F29961}.Debug|x64.Deploy.0 = Debug|iPhone
		{1A389894-C167-485E-B285-1B0668F29961}.Debug|x86.ActiveCfg = Debug|iPhone
		{1A389894-C167-485E-B285-1B0668F29961}.Debug|x86.Build.0 = Debug|iPhone
		{1A389894-C167-485E-B285-1B0668F29961}.Debug|x86.Deploy.0 = Debug|iPhone
		{1A389894-C167-485E-B285-1B0668F29961}.Release|Any CPU.ActiveCfg = Release|iPhone
		{1A389894-C167-485E-B285-1B0668F29961}.Release|Any CPU.Build.0 = Release|iPhone
		{1A389894-C167-485E-B285-1B0668F29961}.Release|Any CPU.Deploy.0 = Release|iPhone
		{1A389894-C167-485E-B285-1B0668F29961}.Release|ARM.ActiveCfg = Release|iPhone
		{1A389894-C167-485E-B285-1B0668F29961}.Release|ARM.Build.0 = Release|iPhone
		{1A389894-C167-485E-B285-1B0668F29961}.Release|ARM.Deploy.0 = Release|iPhone
		{1A389894-C167-485E-B285-1B0668F29961}.Release|iPhone.ActiveCfg = Release|iPhone
		{1A389894-C167-485E-B285-1B0668F29961}.Release|iPhone.Build.0 = Release|iPhone
		{1A389894-C167-485E-B285-1B0668F29961}.Release|iPhone.Deploy.0 = Release|iPhone
		{1A389894-C167-485E-B285-1B0668F29961}.Release|iPhoneSimulator.ActiveCfg = Release|iPhoneSimulator
		{1A389894-C167-485E-B285-1B0668F29961}.Release|iPhoneSimulator.Build.0 = Release|iPhoneSimulator
		{1A389894-C167-485E-B285-1B0668F29961}.Release|iPhoneSimulator.Deploy.0 = Release|iPhoneSimulator
		{1A389894-C167-485E-B285-1B0668F29961}.Release|x64.ActiveCfg = Release|iPhone
		{1A389894-C167-485E-B285-1B0668F29961}.Release|x64.Build.0 = Release|iPhone
		{1A389894-C167-485E-B285-1B0668F29961}.Release|x64.Deploy.0 = Release|iPhone
		{1A389894-C167-485E-B285-1B0668F29961}.Release|x86.ActiveCfg = Release|iPhone
		{1A389894-C167-485E-B285-1B0668F29961}.Release|x86.Build.0 = Release|iPhone
		{1A389894-C167-485E-B285-1B0668F29961}.Release|x86.Deploy.0 = Release|iPhone
		{EA3AC2B6-152E-4BE7-A0FF-430FD2112032}.Ad-Hoc|Any CPU.ActiveCfg = Release|x86
		{EA3AC2B6-152E-4BE7-A0FF-430FD2112032}.Ad-Hoc|Any CPU.Build.0 = Release|x86
		{EA3AC2B6-152E-4BE7-A0FF-430FD2112032}.Ad-Hoc|Any CPU.Deploy.0 = Release|x86
		{EA3AC2B6-152E-4BE7-A0FF-430FD2112032}.Ad-Hoc|ARM.ActiveCfg = Release|ARM
		{EA3AC2B6-152E-4BE7-A0FF-430FD2112032}.Ad-Hoc|ARM.Build.0 = Release|ARM
		{EA3AC2B6-152E-4BE7-A0FF-430FD2112032}.Ad-Hoc|ARM.Deploy.0 = Release|ARM
		{EA3AC2B6-152E-4BE7-A0FF-430FD2112032}.Ad-Hoc|iPhone.ActiveCfg = Release|x86
		{EA3AC2B6-152E-4BE7-A0FF-430FD2112032}.Ad-Hoc|iPhone.Build.0 = Release|x86
		{EA3AC2B6-152E-4BE7-A0FF-430FD2112032}.Ad-Hoc|iPhone.Deploy.0 = Release|x86
		{EA3AC2B6-152E-4BE7-A0FF-430FD2112032}.Ad-Hoc|iPhoneSimulator.ActiveCfg = Release|x86
		{EA3AC2B6-152E-4BE7-A0FF-430FD2112032}.Ad-Hoc|iPhoneSimulator.Build.0 = Release|x86
		{EA3AC2B6-152E-4BE7-A0FF-430FD2112032}.Ad-Hoc|iPhoneSimulator.Deploy.0 = Release|x86
		{EA3AC2B6-152E-4BE7-A0FF-430FD2112032}.Ad-Hoc|x64.ActiveCfg = Release|x64
		{EA3AC2B6-152E-4BE7-A0FF-430FD2112032}.Ad-Hoc|x64.Build.0 = Release|x64
		{EA3AC2B6-152E-4BE7-A0FF-430FD2112032}.Ad-Hoc|x64.Deploy.0 = Release|x64
		{EA3AC2B6-152E-4BE7-A0FF-430FD2112032}.Ad-Hoc|x86.ActiveCfg = Release|x86
		{EA3AC2B6-152E-4BE7-A0FF-430FD2112032}.Ad-Hoc|x86.Build.0 = Release|x86
		{EA3AC2B6-152E-4BE7-A0FF-430FD2112032}.Ad-Hoc|x86.Deploy.0 = Release|x86
		{EA3AC2B6-152E-4BE7-A0FF-430FD2112032}.AppStore|Any CPU.ActiveCfg = Release|x86
		{EA3AC2B6-152E-4BE7-A0FF-430FD2112032}.AppStore|Any CPU.Build.0 = Release|x86
		{EA3AC2B6-152E-4BE7-A0FF-430FD2112032}.AppStore|Any CPU.Deploy.0 = Release|x86
		{EA3AC2B6-152E-4BE7-A0FF-430FD2112032}.AppStore|ARM.ActiveCfg = Release|ARM
		{EA3AC2B6-152E-4BE7-A0FF-430FD2112032}.AppStore|ARM.Build.0 = Release|ARM
		{EA3AC2B6-152E-4BE7-A0FF-430FD2112032}.AppStore|ARM.Deploy.0 = Release|ARM
		{EA3AC2B6-152E-4BE7-A0FF-430FD2112032}.AppStore|iPhone.ActiveCfg = Release|x86
		{EA3AC2B6-152E-4BE7-A0FF-430FD2112032}.AppStore|iPhone.Build.0 = Release|x86
		{EA3AC2B6-152E-4BE7-A0FF-430FD2112032}.AppStore|iPhone.Deploy.0 = Release|x86
		{EA3AC2B6-152E-4BE7-A0FF-430FD2112032}.AppStore|iPhoneSimulator.ActiveCfg = Release|x86
		{EA3AC2B6-152E-4BE7-A0FF-430FD2112032}.AppStore|iPhoneSimulator.Build.0 = Release|x86
		{EA3AC2B6-152E-4BE7-A0FF-430FD2112032}.AppStore|iPhoneSimulator.Deploy.0 = Release|x86
		{EA3AC2B6-152E-4BE7-A0FF-430FD2112032}.AppStore|x64.ActiveCfg = Release|x64
		{EA3AC2B6-152E-4BE7-A0FF-430FD2112032}.AppStore|x64.Build.0 = Release|x64
		{EA3AC2B6-152E-4BE7-A0FF-430FD2112032}.AppStore|x64.Deploy.0 = Release|x64
		{EA3AC2B6-152E-4BE7-A0FF-430FD2112032}.AppStore|x86.ActiveCfg = Release|x86
		{EA3AC2B6-152E-4BE7-A0FF-430FD2112032}.AppStore|x86.Build.0 = Release|x86
		{EA3AC2B6-152E-4BE7-A0FF-430FD2112032}.AppStore|x86.Deploy.0 = Release|x86
		{EA3AC2B6-152E-4BE7-A0FF-430FD2112032}.Debug|Any CPU.ActiveCfg = Debug|x86
		{EA3AC2B6-152E-4BE7-A0FF-430FD2112032}.Debug|Any CPU.Build.0 = Debug|x86
		{EA3AC2B6-152E-4BE7-A0FF-430FD2112032}.Debug|Any CPU.Deploy.0 = Debug|x86
		{EA3AC2B6-152E-4BE7-A0FF-430FD2112032}.Debug|ARM.ActiveCfg = Debug|ARM
		{EA3AC2B6-152E-4BE7-A0FF-430FD2112032}.Debug|ARM.Build.0 = Debug|ARM
		{EA3AC2B6-152E-4BE7-A0FF-430FD2112032}.Debug|ARM.Deploy.0 = Debug|ARM
		{EA3AC2B6-152E-4BE7-A0FF-430FD2112032}.Debug|iPhone.ActiveCfg = Debug|x86
		{EA3AC2B6-152E-4BE7-A0FF-430FD2112032}.Debug|iPhone.Build.0 = Debug|x86
		{EA3AC2B6-152E-4BE7-A0FF-430FD2112032}.Debug|iPhone.Deploy.0 = Debug|x86
		{EA3AC2B6-152E-4BE7-A0FF-430FD2112032}.Debug|iPhoneSimulator.ActiveCfg = Debug|x86
		{EA3AC2B6-152E-4BE7-A0FF-430FD2112032}.Debug|iPhoneSimulator.Build.0 = Debug|x86
		{EA3AC2B6-152E-4BE7-A0FF-430FD2112032}.Debug|iPhoneSimulator.Deploy.0 = Debug|x86
		{EA3AC2B6-152E-4BE7-A0FF-430FD2112032}.Debug|x64.ActiveCfg = Debug|x64
		{EA3AC2B6-152E-4BE7-A0FF-430FD2112032}.Debug|x64.Build.0 = Debug|x64
		{EA3AC2B6-152E-4BE7-A0FF-430FD2112032}.Debug|x64.Deploy.0 = Debug|x64
		{EA3AC2B6-152E-4BE7-A0FF-430FD2112032}.Debug|x86.ActiveCfg = Debug|x86
		{EA3AC2B6-152E-4BE7-A0FF-430FD2112032}.Debug|x86.Build.0 = Debug|x86
		{EA3AC2B6-152E-4BE7-A0FF-430FD2112032}.Debug|x86.Deploy.0 = Debug|x86
		{EA3AC2B6-152E-4BE7-A0FF-430FD2112032}.Release|Any CPU.ActiveCfg = Release|x86
		{EA3AC2B6-152E-4BE7-A0FF-430FD2112032}.Release|Any CPU.Build.0 = Release|x86
		{EA3AC2B6-152E-4BE7-A0FF-430FD2112032}.Release|Any CPU.Deploy.0 = Release|x86
		{EA3AC2B6-152E-4BE7-A0FF-430FD2112032}.Release|ARM.ActiveCfg = Release|ARM
		{EA3AC2B6-152E-4BE7-A0FF-430FD2112032}.Release|ARM.Build.0 = Release|ARM
		{EA3AC2B6-152E-4BE7-A0FF-430FD2112032}.Release|ARM.Deploy.0 = Release|ARM
		{EA3AC2B6-152E-4BE7-A0FF-430FD2112032}.Release|iPhone.ActiveCfg = Release|x86
		{EA3AC2B6-152E-4BE7-A0FF-430FD2112032}.Release|iPhone.Build.0 = Release|x86
		{EA3AC2B6-152E-4BE7-A0FF-430FD2112032}.Release|iPhone.Deploy.0 = Release|x86
		{EA3AC2B6-152E-4BE7-A0FF-430FD2112032}.Release|iPhoneSimulator.ActiveCfg = Release|x86
		{EA3AC2B6-152E-4BE7-A0FF-430FD2112032}.Release|iPhoneSimulator.Build.0 = Release|x86
		{EA3AC2B6-152E-4BE7-A0FF-430FD2112032}.Release|iPhoneSimulator.Deploy.0 = Release|x86
		{EA3AC2B6-152E-4BE7-A0FF-430FD2112032}.Release|x64.ActiveCfg = Release|x64
		{EA3AC2B6-152E-4BE7-A0FF-430FD2112032}.Release|x64.Build.0 = Release|x64
		{EA3AC2B6-152E-4BE7-A0FF-430FD2112032}.Release|x64.Deploy.0 = Release|x64
		{EA3AC2B6-152E-4BE7-A0FF-430FD2112032}.Release|x86.ActiveCfg = Release|x86
		{EA3AC2B6-152E-4BE7-A0FF-430FD2112032}.Release|x86.Build.0 = Release|x86
		{EA3AC2B6-152E-4BE7-A0FF-430FD2112032}.Release|x86.Deploy.0 = Release|x86
		{B4015EFF-0A72-42B1-A110-C5CEBAD48499}.Ad-Hoc|Any CPU.ActiveCfg = Debug|Any CPU
		{B4015EFF-0A72-42B1-A110-C5CEBAD48499}.Ad-Hoc|Any CPU.Build.0 = Debug|Any CPU
		{B4015EFF-0A72-42B1-A110-C5CEBAD48499}.Ad-Hoc|Any CPU.Deploy.0 = Debug|Any CPU
		{B4015EFF-0A72-42B1-A110-C5CEBAD48499}.Ad-Hoc|ARM.ActiveCfg = Debug|Any CPU
		{B4015EFF-0A72-42B1-A110-C5CEBAD48499}.Ad-Hoc|ARM.Build.0 = Debug|Any CPU
		{B4015EFF-0A72-42B1-A110-C5CEBAD48499}.Ad-Hoc|ARM.Deploy.0 = Debug|Any CPU
		{B4015EFF-0A72-42B1-A110-C5CEBAD48499}.Ad-Hoc|iPhone.ActiveCfg = Debug|Any CPU
		{B4015EFF-0A72-42B1-A110-C5CEBAD48499}.Ad-Hoc|iPhone.Build.0 = Debug|Any CPU
		{B4015EFF-0A72-42B1-A110-C5CEBAD48499}.Ad-Hoc|iPhone.Deploy.0 = Debug|Any CPU
		{B4015EFF-0A72-42B1-A110-C5CEBAD48499}.Ad-Hoc|iPhoneSimulator.ActiveCfg = Debug|Any CPU
		{B4015EFF-0A72-42B1-A110-C5CEBAD48499}.Ad-Hoc|iPhoneSimulator.Build.0 = Debug|Any CPU
		{B4015EFF-0A72-42B1-A110-C5CEBAD48499}.Ad-Hoc|iPhoneSimulator.Deploy.0 = Debug|Any CPU
		{B4015EFF-0A72-42B1-A110-C5CEBAD48499}.Ad-Hoc|x64.ActiveCfg = Debug|Any CPU
		{B4015EFF-0A72-42B1-A110-C5CEBAD48499}.Ad-Hoc|x64.Build.0 = Debug|Any CPU
		{B4015EFF-0A72-42B1-A110-C5CEBAD48499}.Ad-Hoc|x64.Deploy.0 = Debug|Any CPU
		{B4015EFF-0A72-42B1-A110-C5CEBAD48499}.Ad-Hoc|x86.ActiveCfg = Debug|Any CPU
		{B4015EFF-0A72-42B1-A110-C5CEBAD48499}.Ad-Hoc|x86.Build.0 = Debug|Any CPU
		{B4015EFF-0A72-42B1-A110-C5CEBAD48499}.Ad-Hoc|x86.Deploy.0 = Debug|Any CPU
		{B4015EFF-0A72-42B1-A110-C5CEBAD48499}.AppStore|Any CPU.ActiveCfg = Debug|Any CPU
		{B4015EFF-0A72-42B1-A110-C5CEBAD48499}.AppStore|Any CPU.Build.0 = Debug|Any CPU
		{B4015EFF-0A72-42B1-A110-C5CEBAD48499}.AppStore|Any CPU.Deploy.0 = Debug|Any CPU
		{B4015EFF-0A72-42B1-A110-C5CEBAD48499}.AppStore|ARM.ActiveCfg = Debug|Any CPU
		{B4015EFF-0A72-42B1-A110-C5CEBAD48499}.AppStore|ARM.Build.0 = Debug|Any CPU
		{B4015EFF-0A72-42B1-A110-C5CEBAD48499}.AppStore|ARM.Deploy.0 = Debug|Any CPU
		{B4015EFF-0A72-42B1-A110-C5CEBAD48499}.AppStore|iPhone.ActiveCfg = Debug|Any CPU
		{B4015EFF-0A72-42B1-A110-C5CEBAD48499}.AppStore|iPhone.Build.0 = Debug|Any CPU
		{B4015EFF-0A72-42B1-A110-C5CEBAD48499}.AppStore|iPhone.Deploy.0 = Debug|Any CPU
		{B4015EFF-0A72-42B1-A110-C5CEBAD48499}.AppStore|iPhoneSimulator.ActiveCfg = Debug|Any CPU
		{B4015EFF-0A72-42B1-A110-C5CEBAD48499}.AppStore|iPhoneSimulator.Build.0 = Debug|Any CPU
		{B4015EFF-0A72-42B1-A110-C5CEBAD48499}.AppStore|iPhoneSimulator.Deploy.0 = Debug|Any CPU
		{B4015EFF-0A72-42B1-A110-C5CEBAD48499}.AppStore|x64.ActiveCfg = Debug|Any CPU
		{B4015EFF-0A72-42B1-A110-C5CEBAD48499}.AppStore|x64.Build.0 = Debug|Any CPU
		{B4015EFF-0A72-42B1-A110-C5CEBAD48499}.AppStore|x64.Deploy.0 = Debug|Any CPU
		{B4015EFF-0A72-42B1-A110-C5CEBAD48499}.AppStore|x86.ActiveCfg = Debug|Any CPU
		{B4015EFF-0A72-42B1-A110-C5CEBAD48499}.AppStore|x86.Build.0 = Debug|Any CPU
		{B4015EFF-0A72-42B1-A110-C5CEBAD48499}.AppStore|x86.Deploy.0 = Debug|Any CPU
		{B4015EFF-0A72-42B1-A110-C5CEBAD48499}.Debug|Any CPU.ActiveCfg = Debug|Any CPU
		{B4015EFF-0A72-42B1-A110-C5CEBAD48499}.Debug|Any CPU.Build.0 = Debug|Any CPU
		{B4015EFF-0A72-42B1-A110-C5CEBAD48499}.Debug|Any CPU.Deploy.0 = Debug|Any CPU
		{B4015EFF-0A72-42B1-A110-C5CEBAD48499}.Debug|ARM.ActiveCfg = Debug|Any CPU
		{B4015EFF-0A72-42B1-A110-C5CEBAD48499}.Debug|ARM.Build.0 = Debug|Any CPU
		{B4015EFF-0A72-42B1-A110-C5CEBAD48499}.Debug|ARM.Deploy.0 = Debug|Any CPU
		{B4015EFF-0A72-42B1-A110-C5CEBAD48499}.Debug|iPhone.ActiveCfg = Debug|Any CPU
		{B4015EFF-0A72-42B1-A110-C5CEBAD48499}.Debug|iPhone.Build.0 = Debug|Any CPU
		{B4015EFF-0A72-42B1-A110-C5CEBAD48499}.Debug|iPhone.Deploy.0 = Debug|Any CPU
		{B4015EFF-0A72-42B1-A110-C5CEBAD48499}.Debug|iPhoneSimulator.ActiveCfg = Debug|Any CPU
		{B4015EFF-0A72-42B1-A110-C5CEBAD48499}.Debug|iPhoneSimulator.Build.0 = Debug|Any CPU
		{B4015EFF-0A72-42B1-A110-C5CEBAD48499}.Debug|iPhoneSimulator.Deploy.0 = Debug|Any CPU
		{B4015EFF-0A72-42B1-A110-C5CEBAD48499}.Debug|x64.ActiveCfg = Debug|Any CPU
		{B4015EFF-0A72-42B1-A110-C5CEBAD48499}.Debug|x64.Build.0 = Debug|Any CPU
		{B4015EFF-0A72-42B1-A110-C5CEBAD48499}.Debug|x64.Deploy.0 = Debug|Any CPU
		{B4015EFF-0A72-42B1-A110-C5CEBAD48499}.Debug|x86.ActiveCfg = Debug|Any CPU
		{B4015EFF-0A72-42B1-A110-C5CEBAD48499}.Debug|x86.Build.0 = Debug|Any CPU
		{B4015EFF-0A72-42B1-A110-C5CEBAD48499}.Debug|x86.Deploy.0 = Debug|Any CPU
		{B4015EFF-0A72-42B1-A110-C5CEBAD48499}.Release|Any CPU.ActiveCfg = Release|Any CPU
		{B4015EFF-0A72-42B1-A110-C5CEBAD48499}.Release|Any CPU.Build.0 = Release|Any CPU
		{B4015EFF-0A72-42B1-A110-C5CEBAD48499}.Release|Any CPU.Deploy.0 = Release|Any CPU
		{B4015EFF-0A72-42B1-A110-C5CEBAD48499}.Release|ARM.ActiveCfg = Release|Any CPU
		{B4015EFF-0A72-42B1-A110-C5CEBAD48499}.Release|ARM.Build.0 = Release|Any CPU
		{B4015EFF-0A72-42B1-A110-C5CEBAD48499}.Release|ARM.Deploy.0 = Release|Any CPU
		{B4015EFF-0A72-42B1-A110-C5CEBAD48499}.Release|iPhone.ActiveCfg = Release|Any CPU
		{B4015EFF-0A72-42B1-A110-C5CEBAD48499}.Release|iPhone.Build.0 = Release|Any CPU
		{B4015EFF-0A72-42B1-A110-C5CEBAD48499}.Release|iPhone.Deploy.0 = Release|Any CPU
		{B4015EFF-0A72-42B1-A110-C5CEBAD48499}.Release|iPhoneSimulator.ActiveCfg = Release|Any CPU
		{B4015EFF-0A72-42B1-A110-C5CEBAD48499}.Release|iPhoneSimulator.Build.0 = Release|Any CPU
		{B4015EFF-0A72-42B1-A110-C5CEBAD48499}.Release|iPhoneSimulator.Deploy.0 = Release|Any CPU
		{B4015EFF-0A72-42B1-A110-C5CEBAD48499}.Release|x64.ActiveCfg = Release|Any CPU
		{B4015EFF-0A72-42B1-A110-C5CEBAD48499}.Release|x64.Build.0 = Release|Any CPU
		{B4015EFF-0A72-42B1-A110-C5CEBAD48499}.Release|x64.Deploy.0 = Release|Any CPU
		{B4015EFF-0A72-42B1-A110-C5CEBAD48499}.Release|x86.ActiveCfg = Release|Any CPU
		{B4015EFF-0A72-42B1-A110-C5CEBAD48499}.Release|x86.Build.0 = Release|Any CPU
		{B4015EFF-0A72-42B1-A110-C5CEBAD48499}.Release|x86.Deploy.0 = Release|Any CPU
	EndGlobalSection
	GlobalSection(SolutionProperties) = preSolution
		HideSolutionNode = FALSE
	EndGlobalSection
	GlobalSection(ExtensibilityGlobals) = postSolution
		SolutionGuid = {7A752546-B310-4063-A662-0478F310E8FA}
	EndGlobalSection
EndGlobal
