
Microsoft Visual Studio Solution File, Format Version 12.00
# Visual Studio 15
VisualStudioVersion = 15.0.28010.2048
MinimumVisualStudioVersion = 10.0.40219.1
Project("{FAE04EC0-301F-11D3-BF4B-00C04F79EFBC}") = "SuperBook.Android", "SuperBook\SuperBook.Android\SuperBook.Android.csproj", "{56C99EE8-1638-4DFF-A886-2E06881C3F57}"
EndProject
Project("{FAE04EC0-301F-11D3-BF4B-00C04F79EFBC}") = "SuperBook.iOS", "SuperBook\SuperBook.iOS\SuperBook.iOS.csproj", "{75A696ED-6C81-4757-893F-E3926995CCF8}"
EndProject
Project("{FAE04EC0-301F-11D3-BF4B-00C04F79EFBC}") = "SuperBook.UWP", "SuperBook\SuperBook.UWP\SuperBook.UWP.csproj", "{A61FB9EF-1FCD-4B9D-B761-81594012B71D}"
EndProject
Project("{FAE04EC0-301F-11D3-BF4B-00C04F79EFBC}") = "SuperBook", "SuperBook\SuperBook\SuperBook.csproj", "{3EC688BC-6837-4B15-BC14-1DF45FC3B92A}"
EndProject
Global
	GlobalSection(SolutionConfigurationPlatforms) = preSolution
		Ad-Hoc|Any CPU = Ad-Hoc|Any CPU
		Ad-Hoc|ARM = Ad-Hoc|ARM
		Ad-Hoc|iPhone = Ad-Hoc|iPhone
		Ad-Hoc|iPhoneSimulator = Ad-Hoc|iPhoneSimulator
		Ad-Hoc|x64 = Ad-Hoc|x64
		Ad-Hoc|x86 = Ad-Hoc|x86
		AppStore|Any CPU = AppStore|Any CPU
		AppStore|ARM = AppStore|ARM
		AppStore|iPhone = AppStore|iPhone
		AppStore|iPhoneSimulator = AppStore|iPhoneSimulator
		AppStore|x64 = AppStore|x64
		AppStore|x86 = AppStore|x86
		Debug|Any CPU = Debug|Any CPU
		Debug|ARM = Debug|ARM
		Debug|iPhone = Debug|iPhone
		Debug|iPhoneSimulator = Debug|iPhoneSimulator
		Debug|x64 = Debug|x64
		Debug|x86 = Debug|x86
		Release|Any CPU = Release|Any CPU
		Release|ARM = Release|ARM
		Release|iPhone = Release|iPhone
		Release|iPhoneSimulator = Release|iPhoneSimulator
		Release|x64 = Release|x64
		Release|x86 = Release|x86
	EndGlobalSection
	GlobalSection(ProjectConfigurationPlatforms) = postSolution
		{56C99EE8-1638-4DFF-A886-2E06881C3F57}.Ad-Hoc|Any CPU.ActiveCfg = Release|Any CPU
		{56C99EE8-1638-4DFF-A886-2E06881C3F57}.Ad-Hoc|Any CPU.Build.0 = Release|Any CPU
		{56C99EE8-1638-4DFF-A886-2E06881C3F57}.Ad-Hoc|Any CPU.Deploy.0 = Release|Any CPU
		{56C99EE8-1638-4DFF-A886-2E06881C3F57}.Ad-Hoc|ARM.ActiveCfg = Release|Any CPU
		{56C99EE8-1638-4DFF-A886-2E06881C3F57}.Ad-Hoc|ARM.Build.0 = Release|Any CPU
		{56C99EE8-1638-4DFF-A886-2E06881C3F57}.Ad-Hoc|ARM.Deploy.0 = Release|Any CPU
		{56C99EE8-1638-4DFF-A886-2E06881C3F57}.Ad-Hoc|iPhone.ActiveCfg = Release|Any CPU
		{56C99EE8-1638-4DFF-A886-2E06881C3F57}.Ad-Hoc|iPhone.Build.0 = Release|Any CPU
		{56C99EE8-1638-4DFF-A886-2E06881C3F57}.Ad-Hoc|iPhone.Deploy.0 = Release|Any CPU
		{56C99EE8-1638-4DFF-A886-2E06881C3F57}.Ad-Hoc|iPhoneSimulator.ActiveCfg = Release|Any CPU
		{56C99EE8-1638-4DFF-A886-2E06881C3F57}.Ad-Hoc|iPhoneSimulator.Build.0 = Release|Any CPU
		{56C99EE8-1638-4DFF-A886-2E06881C3F57}.Ad-Hoc|iPhoneSimulator.Deploy.0 = Release|Any CPU
		{56C99EE8-1638-4DFF-A886-2E06881C3F57}.Ad-Hoc|x64.ActiveCfg = Release|Any CPU
		{56C99EE8-1638-4DFF-A886-2E06881C3F57}.Ad-Hoc|x64.Build.0 = Release|Any CPU
		{56C99EE8-1638-4DFF-A886-2E06881C3F57}.Ad-Hoc|x64.Deploy.0 = Release|Any CPU
		{56C99EE8-1638-4DFF-A886-2E06881C3F57}.Ad-Hoc|x86.ActiveCfg = Release|Any CPU
		{56C99EE8-1638-4DFF-A886-2E06881C3F57}.Ad-Hoc|x86.Build.0 = Release|Any CPU
		{56C99EE8-1638-4DFF-A886-2E06881C3F57}.Ad-Hoc|x86.Deploy.0 = Release|Any CPU
		{56C99EE8-1638-4DFF-A886-2E06881C3F57}.AppStore|Any CPU.ActiveCfg = Release|Any CPU
		{56C99EE8-1638-4DFF-A886-2E06881C3F57}.AppStore|Any CPU.Build.0 = Release|Any CPU
		{56C99EE8-1638-4DFF-A886-2E06881C3F57}.AppStore|Any CPU.Deploy.0 = Release|Any CPU
		{56C99EE8-1638-4DFF-A886-2E06881C3F57}.AppStore|ARM.ActiveCfg = Release|Any CPU
		{56C99EE8-1638-4DFF-A886-2E06881C3F57}.AppStore|ARM.Build.0 = Release|Any CPU
		{56C99EE8-1638-4DFF-A886-2E06881C3F57}.AppStore|ARM.Deploy.0 = Release|Any CPU
		{56C99EE8-1638-4DFF-A886-2E06881C3F57}.AppStore|iPhone.ActiveCfg = Release|Any CPU
		{56C99EE8-1638-4DFF-A886-2E06881C3F57}.AppStore|iPhone.Build.0 = Release|Any CPU
		{56C99EE8-1638-4DFF-A886-2E06881C3F57}.AppStore|iPhone.Deploy.0 = Release|Any CPU
		{56C99EE8-1638-4DFF-A886-2E06881C3F57}.AppStore|iPhoneSimulator.ActiveCfg = Release|Any CPU
		{56C99EE8-1638-4DFF-A886-2E06881C3F57}.AppStore|iPhoneSimulator.Build.0 = Release|Any CPU
		{56C99EE8-1638-4DFF-A886-2E06881C3F57}.AppStore|iPhoneSimulator.Deploy.0 = Release|Any CPU
		{56C99EE8-1638-4DFF-A886-2E06881C3F57}.AppStore|x64.ActiveCfg = Release|Any CPU
		{56C99EE8-1638-4DFF-A886-2E06881C3F57}.AppStore|x64.Build.0 = Release|Any CPU
		{56C99EE8-1638-4DFF-A886-2E06881C3F57}.AppStore|x64.Deploy.0 = Release|Any CPU
		{56C99EE8-1638-4DFF-A886-2E06881C3F57}.AppStore|x86.ActiveCfg = Release|Any CPU
		{56C99EE8-1638-4DFF-A886-2E06881C3F57}.AppStore|x86.Build.0 = Release|Any CPU
		{56C99EE8-1638-4DFF-A886-2E06881C3F57}.AppStore|x86.Deploy.0 = Release|Any CPU
		{56C99EE8-1638-4DFF-A886-2E06881C3F57}.Debug|Any CPU.ActiveCfg = Debug|Any CPU
		{56C99EE8-1638-4DFF-A886-2E06881C3F57}.Debug|Any CPU.Build.0 = Debug|Any CPU
		{56C99EE8-1638-4DFF-A886-2E06881C3F57}.Debug|Any CPU.Deploy.0 = Debug|Any CPU
		{56C99EE8-1638-4DFF-A886-2E06881C3F57}.Debug|ARM.ActiveCfg = Debug|Any CPU
		{56C99EE8-1638-4DFF-A886-2E06881C3F57}.Debug|ARM.Build.0 = Debug|Any CPU
		{56C99EE8-1638-4DFF-A886-2E06881C3F57}.Debug|ARM.Deploy.0 = Debug|Any CPU
		{56C99EE8-1638-4DFF-A886-2E06881C3F57}.Debug|iPhone.ActiveCfg = Debug|Any CPU
		{56C99EE8-1638-4DFF-A886-2E06881C3F57}.Debug|iPhone.Build.0 = Debug|Any CPU
		{56C99EE8-1638-4DFF-A886-2E06881C3F57}.Debug|iPhone.Deploy.0 = Debug|Any CPU
		{56C99EE8-1638-4DFF-A886-2E06881C3F57}.Debug|iPhoneSimulator.ActiveCfg = Debug|Any CPU
		{56C99EE8-1638-4DFF-A886-2E06881C3F57}.Debug|iPhoneSimulator.Build.0 = Debug|Any CPU
		{56C99EE8-1638-4DFF-A886-2E06881C3F57}.Debug|iPhoneSimulator.Deploy.0 = Debug|Any CPU
		{56C99EE8-1638-4DFF-A886-2E06881C3F57}.Debug|x64.ActiveCfg = Debug|Any CPU
		{56C99EE8-1638-4DFF-A886-2E06881C3F57}.Debug|x64.Build.0 = Debug|Any CPU
		{56C99EE8-1638-4DFF-A886-2E06881C3F57}.Debug|x64.Deploy.0 = Debug|Any CPU
		{56C99EE8-1638-4DFF-A886-2E06881C3F57}.Debug|x86.ActiveCfg = Debug|Any CPU
		{56C99EE8-1638-4DFF-A886-2E06881C3F57}.Debug|x86.Build.0 = Debug|Any CPU
		{56C99EE8-1638-4DFF-A886-2E06881C3F57}.Debug|x86.Deploy.0 = Debug|Any CPU
		{56C99EE8-1638-4DFF-A886-2E06881C3F57}.Release|Any CPU.ActiveCfg = Release|Any CPU
		{56C99EE8-1638-4DFF-A886-2E06881C3F57}.Release|Any CPU.Build.0 = Release|Any CPU
		{56C99EE8-1638-4DFF-A886-2E06881C3F57}.Release|Any CPU.Deploy.0 = Release|Any CPU
		{56C99EE8-1638-4DFF-A886-2E06881C3F57}.Release|ARM.ActiveCfg = Release|Any CPU
		{56C99EE8-1638-4DFF-A886-2E06881C3F57}.Release|ARM.Build.0 = Release|Any CPU
		{56C99EE8-1638-4DFF-A886-2E06881C3F57}.Release|ARM.Deploy.0 = Release|Any CPU
		{56C99EE8-1638-4DFF-A886-2E06881C3F57}.Release|iPhone.ActiveCfg = Release|Any CPU
		{56C99EE8-1638-4DFF-A886-2E06881C3F57}.Release|iPhone.Build.0 = Release|Any CPU
		{56C99EE8-1638-4DFF-A886-2E06881C3F57}.Release|iPhone.Deploy.0 = Release|Any CPU
		{56C99EE8-1638-4DFF-A886-2E06881C3F57}.Release|iPhoneSimulator.ActiveCfg = Release|Any CPU
		{56C99EE8-1638-4DFF-A886-2E06881C3F57}.Release|iPhoneSimulator.Build.0 = Release|Any CPU
		{56C99EE8-1638-4DFF-A886-2E06881C3F57}.Release|iPhoneSimulator.Deploy.0 = Release|Any CPU
		{56C99EE8-1638-4DFF-A886-2E06881C3F57}.Release|x64.ActiveCfg = Release|Any CPU
		{56C99EE8-1638-4DFF-A886-2E06881C3F57}.Release|x64.Build.0 = Release|Any CPU
		{56C99EE8-1638-4DFF-A886-2E06881C3F57}.Release|x64.Deploy.0 = Release|Any CPU
		{56C99EE8-1638-4DFF-A886-2E06881C3F57}.Release|x86.ActiveCfg = Release|Any CPU
		{56C99EE8-1638-4DFF-A886-2E06881C3F57}.Release|x86.Build.0 = Release|Any CPU
		{56C99EE8-1638-4DFF-A886-2E06881C3F57}.Release|x86.Deploy.0 = Release|Any CPU
		{75A696ED-6C81-4757-893F-E3926995CCF8}.Ad-Hoc|Any CPU.ActiveCfg = Ad-Hoc|iPhone
		{75A696ED-6C81-4757-893F-E3926995CCF8}.Ad-Hoc|Any CPU.Build.0 = Ad-Hoc|iPhone
		{75A696ED-6C81-4757-893F-E3926995CCF8}.Ad-Hoc|Any CPU.Deploy.0 = Ad-Hoc|iPhone
		{75A696ED-6C81-4757-893F-E3926995CCF8}.Ad-Hoc|ARM.ActiveCfg = Ad-Hoc|iPhone
		{75A696ED-6C81-4757-893F-E3926995CCF8}.Ad-Hoc|ARM.Build.0 = Ad-Hoc|iPhone
		{75A696ED-6C81-4757-893F-E3926995CCF8}.Ad-Hoc|ARM.Deploy.0 = Ad-Hoc|iPhone
		{75A696ED-6C81-4757-893F-E3926995CCF8}.Ad-Hoc|iPhone.ActiveCfg = Ad-Hoc|iPhone
		{75A696ED-6C81-4757-893F-E3926995CCF8}.Ad-Hoc|iPhone.Build.0 = Ad-Hoc|iPhone
		{75A696ED-6C81-4757-893F-E3926995CCF8}.Ad-Hoc|iPhone.Deploy.0 = Ad-Hoc|iPhone
		{75A696ED-6C81-4757-893F-E3926995CCF8}.Ad-Hoc|iPhoneSimulator.ActiveCfg = Ad-Hoc|iPhoneSimulator
		{75A696ED-6C81-4757-893F-E3926995CCF8}.Ad-Hoc|iPhoneSimulator.Build.0 = Ad-Hoc|iPhoneSimulator
		{75A696ED-6C81-4757-893F-E3926995CCF8}.Ad-Hoc|iPhoneSimulator.Deploy.0 = Ad-Hoc|iPhoneSimulator
		{75A696ED-6C81-4757-893F-E3926995CCF8}.Ad-Hoc|x64.ActiveCfg = Ad-Hoc|iPhone
		{75A696ED-6C81-4757-893F-E3926995CCF8}.Ad-Hoc|x64.Build.0 = Ad-Hoc|iPhone
		{75A696ED-6C81-4757-893F-E3926995CCF8}.Ad-Hoc|x64.Deploy.0 = Ad-Hoc|iPhone
		{75A696ED-6C81-4757-893F-E3926995CCF8}.Ad-Hoc|x86.ActiveCfg = Ad-Hoc|iPhone
		{75A696ED-6C81-4757-893F-E3926995CCF8}.Ad-Hoc|x86.Build.0 = Ad-Hoc|iPhone
		{75A696ED-6C81-4757-893F-E3926995CCF8}.Ad-Hoc|x86.Deploy.0 = Ad-Hoc|iPhone
		{75A696ED-6C81-4757-893F-E3926995CCF8}.AppStore|Any CPU.ActiveCfg = AppStore|iPhone
		{75A696ED-6C81-4757-893F-E3926995CCF8}.AppStore|Any CPU.Build.0 = AppStore|iPhone
		{75A696ED-6C81-4757-893F-E3926995CCF8}.AppStore|Any CPU.Deploy.0 = AppStore|iPhone
		{75A696ED-6C81-4757-893F-E3926995CCF8}.AppStore|ARM.ActiveCfg = AppStore|iPhone
		{75A696ED-6C81-4757-893F-E3926995CCF8}.AppStore|ARM.Build.0 = AppStore|iPhone
		{75A696ED-6C81-4757-893F-E3926995CCF8}.AppStore|ARM.Deploy.0 = AppStore|iPhone
		{75A696ED-6C81-4757-893F-E3926995CCF8}.AppStore|iPhone.ActiveCfg = AppStore|iPhone
		{75A696ED-6C81-4757-893F-E3926995CCF8}.AppStore|iPhone.Build.0 = AppStore|iPhone
		{75A696ED-6C81-4757-893F-E3926995CCF8}.AppStore|iPhone.Deploy.0 = AppStore|iPhone
		{75A696ED-6C81-4757-893F-E3926995CCF8}.AppStore|iPhoneSimulator.ActiveCfg = AppStore|iPhoneSimulator
		{75A696ED-6C81-4757-893F-E3926995CCF8}.AppStore|iPhoneSimulator.Build.0 = AppStore|iPhoneSimulator
		{75A696ED-6C81-4757-893F-E3926995CCF8}.AppStore|iPhoneSimulator.Deploy.0 = AppStore|iPhoneSimulator
		{75A696ED-6C81-4757-893F-E3926995CCF8}.AppStore|x64.ActiveCfg = AppStore|iPhone
		{75A696ED-6C81-4757-893F-E3926995CCF8}.AppStore|x64.Build.0 = AppStore|iPhone
		{75A696ED-6C81-4757-893F-E3926995CCF8}.AppStore|x64.Deploy.0 = AppStore|iPhone
		{75A696ED-6C81-4757-893F-E3926995CCF8}.AppStore|x86.ActiveCfg = AppStore|iPhone
		{75A696ED-6C81-4757-893F-E3926995CCF8}.AppStore|x86.Build.0 = AppStore|iPhone
		{75A696ED-6C81-4757-893F-E3926995CCF8}.AppStore|x86.Deploy.0 = AppStore|iPhone
		{75A696ED-6C81-4757-893F-E3926995CCF8}.Debug|Any CPU.ActiveCfg = Debug|iPhoneSimulator
		{75A696ED-6C81-4757-893F-E3926995CCF8}.Debug|Any CPU.Build.0 = Debug|iPhoneSimulator
		{75A696ED-6C81-4757-893F-E3926995CCF8}.Debug|Any CPU.Deploy.0 = Debug|iPhoneSimulator
		{75A696ED-6C81-4757-893F-E3926995CCF8}.Debug|ARM.ActiveCfg = Debug|iPhone
		{75A696ED-6C81-4757-893F-E3926995CCF8}.Debug|ARM.Build.0 = Debug|iPhone
		{75A696ED-6C81-4757-893F-E3926995CCF8}.Debug|ARM.Deploy.0 = Debug|iPhone
		{75A696ED-6C81-4757-893F-E3926995CCF8}.Debug|iPhone.ActiveCfg = Debug|iPhone
		{75A696ED-6C81-4757-893F-E3926995CCF8}.Debug|iPhone.Build.0 = Debug|iPhone
		{75A696ED-6C81-4757-893F-E3926995CCF8}.Debug|iPhone.Deploy.0 = Debug|iPhone
		{75A696ED-6C81-4757-893F-E3926995CCF8}.Debug|iPhoneSimulator.ActiveCfg = Debug|iPhoneSimulator
		{75A696ED-6C81-4757-893F-E3926995CCF8}.Debug|iPhoneSimulator.Build.0 = Debug|iPhoneSimulator
		{75A696ED-6C81-4757-893F-E3926995CCF8}.Debug|iPhoneSimulator.Deploy.0 = Debug|iPhoneSimulator
		{75A696ED-6C81-4757-893F-E3926995CCF8}.Debug|x64.ActiveCfg = Debug|iPhone
		{75A696ED-6C81-4757-893F-E3926995CCF8}.Debug|x64.Build.0 = Debug|iPhone
		{75A696ED-6C81-4757-893F-E3926995CCF8}.Debug|x64.Deploy.0 = Debug|iPhone
		{75A696ED-6C81-4757-893F-E3926995CCF8}.Debug|x86.ActiveCfg = Debug|iPhone
		{75A696ED-6C81-4757-893F-E3926995CCF8}.Debug|x86.Build.0 = Debug|iPhone
		{75A696ED-6C81-4757-893F-E3926995CCF8}.Debug|x86.Deploy.0 = Debug|iPhone
		{75A696ED-6C81-4757-893F-E3926995CCF8}.Release|Any CPU.ActiveCfg = Release|iPhone
		{75A696ED-6C81-4757-893F-E3926995CCF8}.Release|Any CPU.Build.0 = Release|iPhone
		{75A696ED-6C81-4757-893F-E3926995CCF8}.Release|Any CPU.Deploy.0 = Release|iPhone
		{75A696ED-6C81-4757-893F-E3926995CCF8}.Release|ARM.ActiveCfg = Release|iPhone
		{75A696ED-6C81-4757-893F-E3926995CCF8}.Release|ARM.Build.0 = Release|iPhone
		{75A696ED-6C81-4757-893F-E3926995CCF8}.Release|ARM.Deploy.0 = Release|iPhone
		{75A696ED-6C81-4757-893F-E3926995CCF8}.Release|iPhone.ActiveCfg = Release|iPhone
		{75A696ED-6C81-4757-893F-E3926995CCF8}.Release|iPhone.Build.0 = Release|iPhone
		{75A696ED-6C81-4757-893F-E3926995CCF8}.Release|iPhone.Deploy.0 = Release|iPhone
		{75A696ED-6C81-4757-893F-E3926995CCF8}.Release|iPhoneSimulator.ActiveCfg = Release|iPhoneSimulator
		{75A696ED-6C81-4757-893F-E3926995CCF8}.Release|iPhoneSimulator.Build.0 = Release|iPhoneSimulator
		{75A696ED-6C81-4757-893F-E3926995CCF8}.Release|iPhoneSimulator.Deploy.0 = Release|iPhoneSimulator
		{75A696ED-6C81-4757-893F-E3926995CCF8}.Release|x64.ActiveCfg = Release|iPhone
		{75A696ED-6C81-4757-893F-E3926995CCF8}.Release|x64.Build.0 = Release|iPhone
		{75A696ED-6C81-4757-893F-E3926995CCF8}.Release|x64.Deploy.0 = Release|iPhone
		{75A696ED-6C81-4757-893F-E3926995CCF8}.Release|x86.ActiveCfg = Release|iPhone
		{75A696ED-6C81-4757-893F-E3926995CCF8}.Release|x86.Build.0 = Release|iPhone
		{75A696ED-6C81-4757-893F-E3926995CCF8}.Release|x86.Deploy.0 = Release|iPhone
		{A61FB9EF-1FCD-4B9D-B761-81594012B71D}.Ad-Hoc|Any CPU.ActiveCfg = Release|x86
		{A61FB9EF-1FCD-4B9D-B761-81594012B71D}.Ad-Hoc|Any CPU.Build.0 = Release|x86
		{A61FB9EF-1FCD-4B9D-B761-81594012B71D}.Ad-Hoc|Any CPU.Deploy.0 = Release|x86
		{A61FB9EF-1FCD-4B9D-B761-81594012B71D}.Ad-Hoc|ARM.ActiveCfg = Release|ARM
		{A61FB9EF-1FCD-4B9D-B761-81594012B71D}.Ad-Hoc|ARM.Build.0 = Release|ARM
		{A61FB9EF-1FCD-4B9D-B761-81594012B71D}.Ad-Hoc|ARM.Deploy.0 = Release|ARM
		{A61FB9EF-1FCD-4B9D-B761-81594012B71D}.Ad-Hoc|iPhone.ActiveCfg = Release|x86
		{A61FB9EF-1FCD-4B9D-B761-81594012B71D}.Ad-Hoc|iPhone.Build.0 = Release|x86
		{A61FB9EF-1FCD-4B9D-B761-81594012B71D}.Ad-Hoc|iPhone.Deploy.0 = Release|x86
		{A61FB9EF-1FCD-4B9D-B761-81594012B71D}.Ad-Hoc|iPhoneSimulator.ActiveCfg = Release|x86
		{A61FB9EF-1FCD-4B9D-B761-81594012B71D}.Ad-Hoc|iPhoneSimulator.Build.0 = Release|x86
		{A61FB9EF-1FCD-4B9D-B761-81594012B71D}.Ad-Hoc|iPhoneSimulator.Deploy.0 = Release|x86
		{A61FB9EF-1FCD-4B9D-B761-81594012B71D}.Ad-Hoc|x64.ActiveCfg = Release|x64
		{A61FB9EF-1FCD-4B9D-B761-81594012B71D}.Ad-Hoc|x64.Build.0 = Release|x64
		{A61FB9EF-1FCD-4B9D-B761-81594012B71D}.Ad-Hoc|x64.Deploy.0 = Release|x64
		{A61FB9EF-1FCD-4B9D-B761-81594012B71D}.Ad-Hoc|x86.ActiveCfg = Release|x86
		{A61FB9EF-1FCD-4B9D-B761-81594012B71D}.Ad-Hoc|x86.Build.0 = Release|x86
		{A61FB9EF-1FCD-4B9D-B761-81594012B71D}.Ad-Hoc|x86.Deploy.0 = Release|x86
		{A61FB9EF-1FCD-4B9D-B761-81594012B71D}.AppStore|Any CPU.ActiveCfg = Release|x86
		{A61FB9EF-1FCD-4B9D-B761-81594012B71D}.AppStore|Any CPU.Build.0 = Release|x86
		{A61FB9EF-1FCD-4B9D-B761-81594012B71D}.AppStore|Any CPU.Deploy.0 = Release|x86
		{A61FB9EF-1FCD-4B9D-B761-81594012B71D}.AppStore|ARM.ActiveCfg = Release|ARM
		{A61FB9EF-1FCD-4B9D-B761-81594012B71D}.AppStore|ARM.Build.0 = Release|ARM
		{A61FB9EF-1FCD-4B9D-B761-81594012B71D}.AppStore|ARM.Deploy.0 = Release|ARM
		{A61FB9EF-1FCD-4B9D-B761-81594012B71D}.AppStore|iPhone.ActiveCfg = Release|x86
		{A61FB9EF-1FCD-4B9D-B761-81594012B71D}.AppStore|iPhone.Build.0 = Release|x86
		{A61FB9EF-1FCD-4B9D-B761-81594012B71D}.AppStore|iPhone.Deploy.0 = Release|x86
		{A61FB9EF-1FCD-4B9D-B761-81594012B71D}.AppStore|iPhoneSimulator.ActiveCfg = Release|x86
		{A61FB9EF-1FCD-4B9D-B761-81594012B71D}.AppStore|iPhoneSimulator.Build.0 = Release|x86
		{A61FB9EF-1FCD-4B9D-B761-81594012B71D}.AppStore|iPhoneSimulator.Deploy.0 = Release|x86
		{A61FB9EF-1FCD-4B9D-B761-81594012B71D}.AppStore|x64.ActiveCfg = Release|x64
		{A61FB9EF-1FCD-4B9D-B761-81594012B71D}.AppStore|x64.Build.0 = Release|x64
		{A61FB9EF-1FCD-4B9D-B761-81594012B71D}.AppStore|x64.Deploy.0 = Release|x64
		{A61FB9EF-1FCD-4B9D-B761-81594012B71D}.AppStore|x86.ActiveCfg = Release|x86
		{A61FB9EF-1FCD-4B9D-B761-81594012B71D}.AppStore|x86.Build.0 = Release|x86
		{A61FB9EF-1FCD-4B9D-B761-81594012B71D}.AppStore|x86.Deploy.0 = Release|x86
		{A61FB9EF-1FCD-4B9D-B761-81594012B71D}.Debug|Any CPU.ActiveCfg = Debug|x86
		{A61FB9EF-1FCD-4B9D-B761-81594012B71D}.Debug|Any CPU.Build.0 = Debug|x86
		{A61FB9EF-1FCD-4B9D-B761-81594012B71D}.Debug|Any CPU.Deploy.0 = Debug|x86
		{A61FB9EF-1FCD-4B9D-B761-81594012B71D}.Debug|ARM.ActiveCfg = Debug|ARM
		{A61FB9EF-1FCD-4B9D-B761-81594012B71D}.Debug|ARM.Build.0 = Debug|ARM
		{A61FB9EF-1FCD-4B9D-B761-81594012B71D}.Debug|ARM.Deploy.0 = Debug|ARM
		{A61FB9EF-1FCD-4B9D-B761-81594012B71D}.Debug|iPhone.ActiveCfg = Debug|x86
		{A61FB9EF-1FCD-4B9D-B761-81594012B71D}.Debug|iPhone.Build.0 = Debug|x86
		{A61FB9EF-1FCD-4B9D-B761-81594012B71D}.Debug|iPhone.Deploy.0 = Debug|x86
		{A61FB9EF-1FCD-4B9D-B761-81594012B71D}.Debug|iPhoneSimulator.ActiveCfg = Debug|x86
		{A61FB9EF-1FCD-4B9D-B761-81594012B71D}.Debug|iPhoneSimulator.Build.0 = Debug|x86
		{A61FB9EF-1FCD-4B9D-B761-81594012B71D}.Debug|iPhoneSimulator.Deploy.0 = Debug|x86
		{A61FB9EF-1FCD-4B9D-B761-81594012B71D}.Debug|x64.ActiveCfg = Debug|x64
		{A61FB9EF-1FCD-4B9D-B761-81594012B71D}.Debug|x64.Build.0 = Debug|x64
		{A61FB9EF-1FCD-4B9D-B761-81594012B71D}.Debug|x64.Deploy.0 = Debug|x64
		{A61FB9EF-1FCD-4B9D-B761-81594012B71D}.Debug|x86.ActiveCfg = Debug|x86
		{A61FB9EF-1FCD-4B9D-B761-81594012B71D}.Debug|x86.Build.0 = Debug|x86
		{A61FB9EF-1FCD-4B9D-B761-81594012B71D}.Debug|x86.Deploy.0 = Debug|x86
		{A61FB9EF-1FCD-4B9D-B761-81594012B71D}.Release|Any CPU.ActiveCfg = Release|x86
		{A61FB9EF-1FCD-4B9D-B761-81594012B71D}.Release|Any CPU.Build.0 = Release|x86
		{A61FB9EF-1FCD-4B9D-B761-81594012B71D}.Release|Any CPU.Deploy.0 = Release|x86
		{A61FB9EF-1FCD-4B9D-B761-81594012B71D}.Release|ARM.ActiveCfg = Release|ARM
		{A61FB9EF-1FCD-4B9D-B761-81594012B71D}.Release|ARM.Build.0 = Release|ARM
		{A61FB9EF-1FCD-4B9D-B761-81594012B71D}.Release|ARM.Deploy.0 = Release|ARM
		{A61FB9EF-1FCD-4B9D-B761-81594012B71D}.Release|iPhone.ActiveCfg = Release|x86
		{A61FB9EF-1FCD-4B9D-B761-81594012B71D}.Release|iPhone.Build.0 = Release|x86
		{A61FB9EF-1FCD-4B9D-B761-81594012B71D}.Release|iPhone.Deploy.0 = Release|x86
		{A61FB9EF-1FCD-4B9D-B761-81594012B71D}.Release|iPhoneSimulator.ActiveCfg = Release|x86
		{A61FB9EF-1FCD-4B9D-B761-81594012B71D}.Release|iPhoneSimulator.Build.0 = Release|x86
		{A61FB9EF-1FCD-4B9D-B761-81594012B71D}.Release|iPhoneSimulator.Deploy.0 = Release|x86
		{A61FB9EF-1FCD-4B9D-B761-81594012B71D}.Release|x64.ActiveCfg = Release|x64
		{A61FB9EF-1FCD-4B9D-B761-81594012B71D}.Release|x64.Build.0 = Release|x64
		{A61FB9EF-1FCD-4B9D-B761-81594012B71D}.Release|x64.Deploy.0 = Release|x64
		{A61FB9EF-1FCD-4B9D-B761-81594012B71D}.Release|x86.ActiveCfg = Release|x86
		{A61FB9EF-1FCD-4B9D-B761-81594012B71D}.Release|x86.Build.0 = Release|x86
		{A61FB9EF-1FCD-4B9D-B761-81594012B71D}.Release|x86.Deploy.0 = Release|x86
		{3EC688BC-6837-4B15-BC14-1DF45FC3B92A}.Ad-Hoc|Any CPU.ActiveCfg = Debug|Any CPU
		{3EC688BC-6837-4B15-BC14-1DF45FC3B92A}.Ad-Hoc|Any CPU.Build.0 = Debug|Any CPU
		{3EC688BC-6837-4B15-BC14-1DF45FC3B92A}.Ad-Hoc|Any CPU.Deploy.0 = Debug|Any CPU
		{3EC688BC-6837-4B15-BC14-1DF45FC3B92A}.Ad-Hoc|ARM.ActiveCfg = Debug|Any CPU
		{3EC688BC-6837-4B15-BC14-1DF45FC3B92A}.Ad-Hoc|ARM.Build.0 = Debug|Any CPU
		{3EC688BC-6837-4B15-BC14-1DF45FC3B92A}.Ad-Hoc|ARM.Deploy.0 = Debug|Any CPU
		{3EC688BC-6837-4B15-BC14-1DF45FC3B92A}.Ad-Hoc|iPhone.ActiveCfg = Debug|Any CPU
		{3EC688BC-6837-4B15-BC14-1DF45FC3B92A}.Ad-Hoc|iPhone.Build.0 = Debug|Any CPU
		{3EC688BC-6837-4B15-BC14-1DF45FC3B92A}.Ad-Hoc|iPhone.Deploy.0 = Debug|Any CPU
		{3EC688BC-6837-4B15-BC14-1DF45FC3B92A}.Ad-Hoc|iPhoneSimulator.ActiveCfg = Debug|Any CPU
		{3EC688BC-6837-4B15-BC14-1DF45FC3B92A}.Ad-Hoc|iPhoneSimulator.Build.0 = Debug|Any CPU
		{3EC688BC-6837-4B15-BC14-1DF45FC3B92A}.Ad-Hoc|iPhoneSimulator.Deploy.0 = Debug|Any CPU
		{3EC688BC-6837-4B15-BC14-1DF45FC3B92A}.Ad-Hoc|x64.ActiveCfg = Debug|Any CPU
		{3EC688BC-6837-4B15-BC14-1DF45FC3B92A}.Ad-Hoc|x64.Build.0 = Debug|Any CPU
		{3EC688BC-6837-4B15-BC14-1DF45FC3B92A}.Ad-Hoc|x64.Deploy.0 = Debug|Any CPU
		{3EC688BC-6837-4B15-BC14-1DF45FC3B92A}.Ad-Hoc|x86.ActiveCfg = Debug|Any CPU
		{3EC688BC-6837-4B15-BC14-1DF45FC3B92A}.Ad-Hoc|x86.Build.0 = Debug|Any CPU
		{3EC688BC-6837-4B15-BC14-1DF45FC3B92A}.Ad-Hoc|x86.Deploy.0 = Debug|Any CPU
		{3EC688BC-6837-4B15-BC14-1DF45FC3B92A}.AppStore|Any CPU.ActiveCfg = Debug|Any CPU
		{3EC688BC-6837-4B15-BC14-1DF45FC3B92A}.AppStore|Any CPU.Build.0 = Debug|Any CPU
		{3EC688BC-6837-4B15-BC14-1DF45FC3B92A}.AppStore|Any CPU.Deploy.0 = Debug|Any CPU
		{3EC688BC-6837-4B15-BC14-1DF45FC3B92A}.AppStore|ARM.ActiveCfg = Debug|Any CPU
		{3EC688BC-6837-4B15-BC14-1DF45FC3B92A}.AppStore|ARM.Build.0 = Debug|Any CPU
		{3EC688BC-6837-4B15-BC14-1DF45FC3B92A}.AppStore|ARM.Deploy.0 = Debug|Any CPU
		{3EC688BC-6837-4B15-BC14-1DF45FC3B92A}.AppStore|iPhone.ActiveCfg = Debug|Any CPU
		{3EC688BC-6837-4B15-BC14-1DF45FC3B92A}.AppStore|iPhone.Build.0 = Debug|Any CPU
		{3EC688BC-6837-4B15-BC14-1DF45FC3B92A}.AppStore|iPhone.Deploy.0 = Debug|Any CPU
		{3EC688BC-6837-4B15-BC14-1DF45FC3B92A}.AppStore|iPhoneSimulator.ActiveCfg = Debug|Any CPU
		{3EC688BC-6837-4B15-BC14-1DF45FC3B92A}.AppStore|iPhoneSimulator.Build.0 = Debug|Any CPU
		{3EC688BC-6837-4B15-BC14-1DF45FC3B92A}.AppStore|iPhoneSimulator.Deploy.0 = Debug|Any CPU
		{3EC688BC-6837-4B15-BC14-1DF45FC3B92A}.AppStore|x64.ActiveCfg = Debug|Any CPU
		{3EC688BC-6837-4B15-BC14-1DF45FC3B92A}.AppStore|x64.Build.0 = Debug|Any CPU
		{3EC688BC-6837-4B15-BC14-1DF45FC3B92A}.AppStore|x64.Deploy.0 = Debug|Any CPU
		{3EC688BC-6837-4B15-BC14-1DF45FC3B92A}.AppStore|x86.ActiveCfg = Debug|Any CPU
		{3EC688BC-6837-4B15-BC14-1DF45FC3B92A}.AppStore|x86.Build.0 = Debug|Any CPU
		{3EC688BC-6837-4B15-BC14-1DF45FC3B92A}.AppStore|x86.Deploy.0 = Debug|Any CPU
		{3EC688BC-6837-4B15-BC14-1DF45FC3B92A}.Debug|Any CPU.ActiveCfg = Debug|Any CPU
		{3EC688BC-6837-4B15-BC14-1DF45FC3B92A}.Debug|Any CPU.Build.0 = Debug|Any CPU
		{3EC688BC-6837-4B15-BC14-1DF45FC3B92A}.Debug|Any CPU.Deploy.0 = Debug|Any CPU
		{3EC688BC-6837-4B15-BC14-1DF45FC3B92A}.Debug|ARM.ActiveCfg = Debug|Any CPU
		{3EC688BC-6837-4B15-BC14-1DF45FC3B92A}.Debug|ARM.Build.0 = Debug|Any CPU
		{3EC688BC-6837-4B15-BC14-1DF45FC3B92A}.Debug|ARM.Deploy.0 = Debug|Any CPU
		{3EC688BC-6837-4B15-BC14-1DF45FC3B92A}.Debug|iPhone.ActiveCfg = Debug|Any CPU
		{3EC688BC-6837-4B15-BC14-1DF45FC3B92A}.Debug|iPhone.Build.0 = Debug|Any CPU
		{3EC688BC-6837-4B15-BC14-1DF45FC3B92A}.Debug|iPhone.Deploy.0 = Debug|Any CPU
		{3EC688BC-6837-4B15-BC14-1DF45FC3B92A}.Debug|iPhoneSimulator.ActiveCfg = Debug|Any CPU
		{3EC688BC-6837-4B15-BC14-1DF45FC3B92A}.Debug|iPhoneSimulator.Build.0 = Debug|Any CPU
		{3EC688BC-6837-4B15-BC14-1DF45FC3B92A}.Debug|iPhoneSimulator.Deploy.0 = Debug|Any CPU
		{3EC688BC-6837-4B15-BC14-1DF45FC3B92A}.Debug|x64.ActiveCfg = Debug|Any CPU
		{3EC688BC-6837-4B15-BC14-1DF45FC3B92A}.Debug|x64.Build.0 = Debug|Any CPU
		{3EC688BC-6837-4B15-BC14-1DF45FC3B92A}.Debug|x64.Deploy.0 = Debug|Any CPU
		{3EC688BC-6837-4B15-BC14-1DF45FC3B92A}.Debug|x86.ActiveCfg = Debug|Any CPU
		{3EC688BC-6837-4B15-BC14-1DF45FC3B92A}.Debug|x86.Build.0 = Debug|Any CPU
		{3EC688BC-6837-4B15-BC14-1DF45FC3B92A}.Debug|x86.Deploy.0 = Debug|Any CPU
		{3EC688BC-6837-4B15-BC14-1DF45FC3B92A}.Release|Any CPU.ActiveCfg = Release|Any CPU
		{3EC688BC-6837-4B15-BC14-1DF45FC3B92A}.Release|Any CPU.Build.0 = Release|Any CPU
		{3EC688BC-6837-4B15-BC14-1DF45FC3B92A}.Release|Any CPU.Deploy.0 = Release|Any CPU
		{3EC688BC-6837-4B15-BC14-1DF45FC3B92A}.Release|ARM.ActiveCfg = Release|Any CPU
		{3EC688BC-6837-4B15-BC14-1DF45FC3B92A}.Release|ARM.Build.0 = Release|Any CPU
		{3EC688BC-6837-4B15-BC14-1DF45FC3B92A}.Release|ARM.Deploy.0 = Release|Any CPU
		{3EC688BC-6837-4B15-BC14-1DF45FC3B92A}.Release|iPhone.ActiveCfg = Release|Any CPU
		{3EC688BC-6837-4B15-BC14-1DF45FC3B92A}.Release|iPhone.Build.0 = Release|Any CPU
		{3EC688BC-6837-4B15-BC14-1DF45FC3B92A}.Release|iPhone.Deploy.0 = Release|Any CPU
		{3EC688BC-6837-4B15-BC14-1DF45FC3B92A}.Release|iPhoneSimulator.ActiveCfg = Release|Any CPU
		{3EC688BC-6837-4B15-BC14-1DF45FC3B92A}.Release|iPhoneSimulator.Build.0 = Release|Any CPU
		{3EC688BC-6837-4B15-BC14-1DF45FC3B92A}.Release|iPhoneSimulator.Deploy.0 = Release|Any CPU
		{3EC688BC-6837-4B15-BC14-1DF45FC3B92A}.Release|x64.ActiveCfg = Release|Any CPU
		{3EC688BC-6837-4B15-BC14-1DF45FC3B92A}.Release|x64.Build.0 = Release|Any CPU
		{3EC688BC-6837-4B15-BC14-1DF45FC3B92A}.Release|x64.Deploy.0 = Release|Any CPU
		{3EC688BC-6837-4B15-BC14-1DF45FC3B92A}.Release|x86.ActiveCfg = Release|Any CPU
		{3EC688BC-6837-4B15-BC14-1DF45FC3B92A}.Release|x86.Build.0 = Release|Any CPU
		{3EC688BC-6837-4B15-BC14-1DF45FC3B92A}.Release|x86.Deploy.0 = Release|Any CPU
	EndGlobalSection
	GlobalSection(SolutionProperties) = preSolution
		HideSolutionNode = FALSE
	EndGlobalSection
	GlobalSection(ExtensibilityGlobals) = postSolution
		SolutionGuid = {AA35D37B-5989-4916-9158-A5D38F387B83}
	EndGlobalSection
EndGlobal
